
Microsoft Visual Studio Solution File, Format Version 12.00
# Visual Studio 2013
VisualStudioVersion = 12.0.30723.0
MinimumVisualStudioVersion = 10.0.40219.1
Project("{FAE04EC0-301F-11D3-BF4B-00C04F79EFBC}") = "AnFake", "AnFake\AnFake.csproj", "{3246D767-56B5-4C58-BDEE-C32A60C5EEB9}"
EndProject
Project("{FAE04EC0-301F-11D3-BF4B-00C04F79EFBC}") = "AnFake.Core", "AnFake.Core\AnFake.Core.csproj", "{86C27076-A445-433B-BB89-E265EF9A74D8}"
EndProject
Project("{FAE04EC0-301F-11D3-BF4B-00C04F79EFBC}") = "AnFake.Api", "AnFake.Api\AnFake.Api.csproj", "{E08FA8A9-33D4-4F27-B29E-C9388A291C45}"
EndProject
Project("{FAE04EC0-301F-11D3-BF4B-00C04F79EFBC}") = "AnFake.Process.Test", "AnFake.Process.Test\AnFake.Process.Test.csproj", "{51D44493-A302-4688-937C-50E2669A61F2}"
EndProject
Project("{FAE04EC0-301F-11D3-BF4B-00C04F79EFBC}") = "AnFake.Api.Test", "AnFake.Api.Test\AnFake.Api.Test.csproj", "{95B74F80-A2EA-4F58-A0F8-F0AE413ADB9F}"
EndProject
Project("{FAE04EC0-301F-11D3-BF4B-00C04F79EFBC}") = "AnFake.Core.Test", "AnFake.Core.Test\AnFake.Core.Test.csproj", "{420D4078-67C1-4D03-AE1C-6EE2BB4D7D62}"
EndProject
Project("{2150E333-8FDC-42A3-9474-1A3956D46DE8}") = ".nuget", ".nuget", "{9185FF33-C5C7-4553-BD66-E5449FB53FE0}"
	ProjectSection(SolutionItems) = preProject
		.nuget\NuGet.Config = .nuget\NuGet.Config
		.nuget\NuGet.exe = .nuget\NuGet.exe
		.nuget\NuGet.targets = .nuget\NuGet.targets
	EndProjectSection
EndProject
Project("{F2A71F9B-5D33-465A-A702-920D77279786}") = "AnFake.Fsx", "AnFake.Fsx\AnFake.Fsx.fsproj", "{E90F8E77-1B63-4B7D-A2D9-4DDF272E05EA}"
EndProject
Project("{FAE04EC0-301F-11D3-BF4B-00C04F79EFBC}") = "AnFake.Csx", "AnFake.Csx\AnFake.Csx.csproj", "{CBBE144C-4EB2-4641-BF8A-DB99FE6DEABA}"
EndProject
Project("{FAE04EC0-301F-11D3-BF4B-00C04F79EFBC}") = "AnFake.Integration.MsBuild", "AnFake.Integration.MsBuild\AnFake.Integration.MsBuild.csproj", "{6AA209FF-E1B6-4BFD-9A56-6A9ADADA0565}"
EndProject
Project("{2150E333-8FDC-42A3-9474-1A3956D46DE8}") = "Solution Items", "Solution Items", "{FC9E4C8B-54A3-4269-9864-CE19A8967BF8}"
	ProjectSection(SolutionItems) = preProject
		build.csx = build.csx
		build.fsx = build.fsx
	EndProjectSection
EndProject
Project("{FAE04EC0-301F-11D3-BF4B-00C04F79EFBC}") = "AnFake.Integration.Tfs2012", "AnFake.Integration.Tfs2012\AnFake.Integration.Tfs2012.csproj", "{F01FCA16-6B92-4C23-8365-EDD614405267}"
EndProject
Project("{FAE04EC0-301F-11D3-BF4B-00C04F79EFBC}") = "AnFake.Tfs2012.Test", "AnFake.Tfs2012.Test\AnFake.Tfs2012.Test.csproj", "{80E494A3-B60A-44A2-9DF9-859F4B5D9B7C}"
EndProject
Project("{FAE04EC0-301F-11D3-BF4B-00C04F79EFBC}") = "AnFake.Plugins.Tfs2012", "AnFake.Plugins.Tfs2012\AnFake.Plugins.Tfs2012.csproj", "{04165D1B-FA7D-4841-BA24-1D5377BDF955}"
EndProject
Project("{FAE04EC0-301F-11D3-BF4B-00C04F79EFBC}") = "AnFake.Plugins.Tfs2012.Test", "AnFake.Plugins.Tfs2012.Test\AnFake.Plugins.Tfs2012.Test.csproj", "{CF2C4AB6-7FA0-4E49-A151-53BEE29B9BD0}"
EndProject
Project("{2150E333-8FDC-42A3-9474-1A3956D46DE8}") = "0. Executables", "0. Executables", "{E31DE28C-674E-41AF-8A75-A3252C044AAE}"
EndProject
Project("{2150E333-8FDC-42A3-9474-1A3956D46DE8}") = "1. Core", "1. Core", "{CFD32F43-BF31-42F9-9BDF-7B3E781F0E2A}"
EndProject
Project("{2150E333-8FDC-42A3-9474-1A3956D46DE8}") = "2. Plugins", "2. Plugins", "{29EE3C45-D196-4946-A87E-D9525E8B7E60}"
EndProject
Project("{2150E333-8FDC-42A3-9474-1A3956D46DE8}") = ".AnFake", ".AnFake", "{90391A8E-7301-479B-95CE-7E36754E0992}"
EndProject
Project("{2150E333-8FDC-42A3-9474-1A3956D46DE8}") = "Bin", "Bin", "{A5450A75-2697-47E3-A061-1C906D0DABE7}"
	ProjectSection(SolutionItems) = preProject
		.AnFake\Bin\AnFake.Tf.cmd = .AnFake\Bin\AnFake.Tf.cmd
	EndProjectSection
EndProject
Project("{2150E333-8FDC-42A3-9474-1A3956D46DE8}") = "Extras", "Extras", "{CBAFFC16-B785-46E1-8C90-1CAD1115D3D3}"
	ProjectSection(SolutionItems) = preProject
		.AnFake\Extras\tf.fsx = .AnFake\Extras\tf.fsx
	EndProjectSection
EndProject
Global
	GlobalSection(SolutionConfigurationPlatforms) = preSolution
		Debug|Any CPU = Debug|Any CPU
		Release|Any CPU = Release|Any CPU
	EndGlobalSection
	GlobalSection(ProjectConfigurationPlatforms) = postSolution
		{3246D767-56B5-4C58-BDEE-C32A60C5EEB9}.Debug|Any CPU.ActiveCfg = Debug|Any CPU
		{3246D767-56B5-4C58-BDEE-C32A60C5EEB9}.Debug|Any CPU.Build.0 = Debug|Any CPU
		{3246D767-56B5-4C58-BDEE-C32A60C5EEB9}.Release|Any CPU.ActiveCfg = Release|Any CPU
		{3246D767-56B5-4C58-BDEE-C32A60C5EEB9}.Release|Any CPU.Build.0 = Release|Any CPU
		{86C27076-A445-433B-BB89-E265EF9A74D8}.Debug|Any CPU.ActiveCfg = Debug|Any CPU
		{86C27076-A445-433B-BB89-E265EF9A74D8}.Debug|Any CPU.Build.0 = Debug|Any CPU
		{86C27076-A445-433B-BB89-E265EF9A74D8}.Release|Any CPU.ActiveCfg = Release|Any CPU
		{86C27076-A445-433B-BB89-E265EF9A74D8}.Release|Any CPU.Build.0 = Release|Any CPU
		{E08FA8A9-33D4-4F27-B29E-C9388A291C45}.Debug|Any CPU.ActiveCfg = Debug|Any CPU
		{E08FA8A9-33D4-4F27-B29E-C9388A291C45}.Debug|Any CPU.Build.0 = Debug|Any CPU
		{E08FA8A9-33D4-4F27-B29E-C9388A291C45}.Release|Any CPU.ActiveCfg = Release|Any CPU
		{E08FA8A9-33D4-4F27-B29E-C9388A291C45}.Release|Any CPU.Build.0 = Release|Any CPU
		{51D44493-A302-4688-937C-50E2669A61F2}.Debug|Any CPU.ActiveCfg = Debug|Any CPU
		{51D44493-A302-4688-937C-50E2669A61F2}.Debug|Any CPU.Build.0 = Debug|Any CPU
		{51D44493-A302-4688-937C-50E2669A61F2}.Release|Any CPU.ActiveCfg = Release|Any CPU
		{51D44493-A302-4688-937C-50E2669A61F2}.Release|Any CPU.Build.0 = Release|Any CPU
		{95B74F80-A2EA-4F58-A0F8-F0AE413ADB9F}.Debug|Any CPU.ActiveCfg = Debug|Any CPU
		{95B74F80-A2EA-4F58-A0F8-F0AE413ADB9F}.Debug|Any CPU.Build.0 = Debug|Any CPU
		{95B74F80-A2EA-4F58-A0F8-F0AE413ADB9F}.Release|Any CPU.ActiveCfg = Release|Any CPU
		{95B74F80-A2EA-4F58-A0F8-F0AE413ADB9F}.Release|Any CPU.Build.0 = Release|Any CPU
		{420D4078-67C1-4D03-AE1C-6EE2BB4D7D62}.Debug|Any CPU.ActiveCfg = Debug|Any CPU
		{420D4078-67C1-4D03-AE1C-6EE2BB4D7D62}.Debug|Any CPU.Build.0 = Debug|Any CPU
		{420D4078-67C1-4D03-AE1C-6EE2BB4D7D62}.Release|Any CPU.ActiveCfg = Release|Any CPU
		{420D4078-67C1-4D03-AE1C-6EE2BB4D7D62}.Release|Any CPU.Build.0 = Release|Any CPU
		{E90F8E77-1B63-4B7D-A2D9-4DDF272E05EA}.Debug|Any CPU.ActiveCfg = Debug|Any CPU
		{E90F8E77-1B63-4B7D-A2D9-4DDF272E05EA}.Debug|Any CPU.Build.0 = Debug|Any CPU
		{E90F8E77-1B63-4B7D-A2D9-4DDF272E05EA}.Release|Any CPU.ActiveCfg = Release|Any CPU
		{E90F8E77-1B63-4B7D-A2D9-4DDF272E05EA}.Release|Any CPU.Build.0 = Release|Any CPU
		{CBBE144C-4EB2-4641-BF8A-DB99FE6DEABA}.Debug|Any CPU.ActiveCfg = Debug|Any CPU
		{CBBE144C-4EB2-4641-BF8A-DB99FE6DEABA}.Debug|Any CPU.Build.0 = Debug|Any CPU
		{CBBE144C-4EB2-4641-BF8A-DB99FE6DEABA}.Release|Any CPU.ActiveCfg = Release|Any CPU
		{CBBE144C-4EB2-4641-BF8A-DB99FE6DEABA}.Release|Any CPU.Build.0 = Release|Any CPU
		{6AA209FF-E1B6-4BFD-9A56-6A9ADADA0565}.Debug|Any CPU.ActiveCfg = Debug|Any CPU
		{6AA209FF-E1B6-4BFD-9A56-6A9ADADA0565}.Debug|Any CPU.Build.0 = Debug|Any CPU
		{6AA209FF-E1B6-4BFD-9A56-6A9ADADA0565}.Release|Any CPU.ActiveCfg = Release|Any CPU
		{6AA209FF-E1B6-4BFD-9A56-6A9ADADA0565}.Release|Any CPU.Build.0 = Release|Any CPU
		{F01FCA16-6B92-4C23-8365-EDD614405267}.Debug|Any CPU.ActiveCfg = Debug|Any CPU
		{F01FCA16-6B92-4C23-8365-EDD614405267}.Debug|Any CPU.Build.0 = Debug|Any CPU
		{F01FCA16-6B92-4C23-8365-EDD614405267}.Release|Any CPU.ActiveCfg = Release|Any CPU
		{F01FCA16-6B92-4C23-8365-EDD614405267}.Release|Any CPU.Build.0 = Release|Any CPU
		{80E494A3-B60A-44A2-9DF9-859F4B5D9B7C}.Debug|Any CPU.ActiveCfg = Debug|Any CPU
		{80E494A3-B60A-44A2-9DF9-859F4B5D9B7C}.Debug|Any CPU.Build.0 = Debug|Any CPU
		{80E494A3-B60A-44A2-9DF9-859F4B5D9B7C}.Release|Any CPU.ActiveCfg = Release|Any CPU
		{80E494A3-B60A-44A2-9DF9-859F4B5D9B7C}.Release|Any CPU.Build.0 = Release|Any CPU
		{04165D1B-FA7D-4841-BA24-1D5377BDF955}.Debug|Any CPU.ActiveCfg = Debug|Any CPU
		{04165D1B-FA7D-4841-BA24-1D5377BDF955}.Debug|Any CPU.Build.0 = Debug|Any CPU
		{04165D1B-FA7D-4841-BA24-1D5377BDF955}.Release|Any CPU.ActiveCfg = Release|Any CPU
		{04165D1B-FA7D-4841-BA24-1D5377BDF955}.Release|Any CPU.Build.0 = Release|Any CPU
		{CF2C4AB6-7FA0-4E49-A151-53BEE29B9BD0}.Debug|Any CPU.ActiveCfg = Debug|Any CPU
		{CF2C4AB6-7FA0-4E49-A151-53BEE29B9BD0}.Debug|Any CPU.Build.0 = Debug|Any CPU
		{CF2C4AB6-7FA0-4E49-A151-53BEE29B9BD0}.Release|Any CPU.ActiveCfg = Release|Any CPU
		{CF2C4AB6-7FA0-4E49-A151-53BEE29B9BD0}.Release|Any CPU.Build.0 = Release|Any CPU
	EndGlobalSection
	GlobalSection(SolutionProperties) = preSolution
		HideSolutionNode = FALSE
	EndGlobalSection
	GlobalSection(NestedProjects) = preSolution
		{3246D767-56B5-4C58-BDEE-C32A60C5EEB9} = {E31DE28C-674E-41AF-8A75-A3252C044AAE}
		{86C27076-A445-433B-BB89-E265EF9A74D8} = {CFD32F43-BF31-42F9-9BDF-7B3E781F0E2A}
		{E08FA8A9-33D4-4F27-B29E-C9388A291C45} = {CFD32F43-BF31-42F9-9BDF-7B3E781F0E2A}
		{51D44493-A302-4688-937C-50E2669A61F2} = {CFD32F43-BF31-42F9-9BDF-7B3E781F0E2A}
		{95B74F80-A2EA-4F58-A0F8-F0AE413ADB9F} = {CFD32F43-BF31-42F9-9BDF-7B3E781F0E2A}
		{420D4078-67C1-4D03-AE1C-6EE2BB4D7D62} = {CFD32F43-BF31-42F9-9BDF-7B3E781F0E2A}
		{E90F8E77-1B63-4B7D-A2D9-4DDF272E05EA} = {CFD32F43-BF31-42F9-9BDF-7B3E781F0E2A}
		{CBBE144C-4EB2-4641-BF8A-DB99FE6DEABA} = {CFD32F43-BF31-42F9-9BDF-7B3E781F0E2A}
		{6AA209FF-E1B6-4BFD-9A56-6A9ADADA0565} = {CFD32F43-BF31-42F9-9BDF-7B3E781F0E2A}
		{F01FCA16-6B92-4C23-8365-EDD614405267} = {29EE3C45-D196-4946-A87E-D9525E8B7E60}
		{80E494A3-B60A-44A2-9DF9-859F4B5D9B7C} = {29EE3C45-D196-4946-A87E-D9525E8B7E60}
		{04165D1B-FA7D-4841-BA24-1D5377BDF955} = {29EE3C45-D196-4946-A87E-D9525E8B7E60}
		{CF2C4AB6-7FA0-4E49-A151-53BEE29B9BD0} = {29EE3C45-D196-4946-A87E-D9525E8B7E60}
		{A5450A75-2697-47E3-A061-1C906D0DABE7} = {90391A8E-7301-479B-95CE-7E36754E0992}
		{CBAFFC16-B785-46E1-8C90-1CAD1115D3D3} = {90391A8E-7301-479B-95CE-7E36754E0992}
	EndGlobalSection
EndGlobal
