
Microsoft Visual Studio Solution File, Format Version 12.00
# Visual Studio 2013
VisualStudioVersion = 12.0.31101.0
MinimumVisualStudioVersion = 10.0.40219.1
Project("{FAE04EC0-301F-11D3-BF4B-00C04F79EFBC}") = "AnFake", "AnFake\AnFake.csproj", "{3246D767-56B5-4C58-BDEE-C32A60C5EEB9}"
EndProject
Project("{FAE04EC0-301F-11D3-BF4B-00C04F79EFBC}") = "AnFake.Core", "AnFake.Core\AnFake.Core.csproj", "{86C27076-A445-433B-BB89-E265EF9A74D8}"
EndProject
Project("{FAE04EC0-301F-11D3-BF4B-00C04F79EFBC}") = "AnFake.Api", "AnFake.Api\AnFake.Api.csproj", "{E08FA8A9-33D4-4F27-B29E-C9388A291C45}"
EndProject
Project("{FAE04EC0-301F-11D3-BF4B-00C04F79EFBC}") = "AnFake.Process.Test", "AnFake.Process.Test\AnFake.Process.Test.csproj", "{51D44493-A302-4688-937C-50E2669A61F2}"
EndProject
Project("{FAE04EC0-301F-11D3-BF4B-00C04F79EFBC}") = "AnFake.Api.Test", "AnFake.Api.Test\AnFake.Api.Test.csproj", "{95B74F80-A2EA-4F58-A0F8-F0AE413ADB9F}"
EndProject
Project("{FAE04EC0-301F-11D3-BF4B-00C04F79EFBC}") = "AnFake.Core.Test", "AnFake.Core.Test\AnFake.Core.Test.csproj", "{420D4078-67C1-4D03-AE1C-6EE2BB4D7D62}"
EndProject
Project("{F2A71F9B-5D33-465A-A702-920D77279786}") = "AnFake.Fsx", "AnFake.Fsx\AnFake.Fsx.fsproj", "{E90F8E77-1B63-4B7D-A2D9-4DDF272E05EA}"
EndProject
Project("{FAE04EC0-301F-11D3-BF4B-00C04F79EFBC}") = "AnFake.Csx", "AnFake.Csx\AnFake.Csx.csproj", "{CBBE144C-4EB2-4641-BF8A-DB99FE6DEABA}"
EndProject
Project("{FAE04EC0-301F-11D3-BF4B-00C04F79EFBC}") = "AnFake.Integration.MsBuild", "AnFake.Integration.MsBuild\AnFake.Integration.MsBuild.csproj", "{6AA209FF-E1B6-4BFD-9A56-6A9ADADA0565}"
EndProject
Project("{2150E333-8FDC-42A3-9474-1A3956D46DE8}") = "Solution Items", "Solution Items", "{FC9E4C8B-54A3-4269-9864-CE19A8967BF8}"
	ProjectSection(SolutionItems) = preProject
		build.csx = build.csx
		build.fsx = build.fsx
		mono-build.fsx = mono-build.fsx
		README.md = README.md
		ReleaseNotes.txt = ReleaseNotes.txt
	EndProjectSection
EndProject
Project("{FAE04EC0-301F-11D3-BF4B-00C04F79EFBC}") = "AnFake.Integration.Tfs2012", "AnFake.Integration.Tfs2012\AnFake.Integration.Tfs2012.csproj", "{F01FCA16-6B92-4C23-8365-EDD614405267}"
EndProject
Project("{FAE04EC0-301F-11D3-BF4B-00C04F79EFBC}") = "AnFake.Tfs2012.Test", "AnFake.Tfs2012.Test\AnFake.Tfs2012.Test.csproj", "{80E494A3-B60A-44A2-9DF9-859F4B5D9B7C}"
EndProject
Project("{FAE04EC0-301F-11D3-BF4B-00C04F79EFBC}") = "AnFake.Plugins.Tfs2012", "AnFake.Plugins.Tfs2012\AnFake.Plugins.Tfs2012.csproj", "{04165D1B-FA7D-4841-BA24-1D5377BDF955}"
EndProject
Project("{FAE04EC0-301F-11D3-BF4B-00C04F79EFBC}") = "AnFake.Plugins.Tfs2012.Test", "AnFake.Plugins.Tfs2012.Test\AnFake.Plugins.Tfs2012.Test.csproj", "{CF2C4AB6-7FA0-4E49-A151-53BEE29B9BD0}"
EndProject
Project("{2150E333-8FDC-42A3-9474-1A3956D46DE8}") = "0. Executables", "0. Executables", "{E31DE28C-674E-41AF-8A75-A3252C044AAE}"
EndProject
Project("{2150E333-8FDC-42A3-9474-1A3956D46DE8}") = "1. Core", "1. Core", "{CFD32F43-BF31-42F9-9BDF-7B3E781F0E2A}"
EndProject
Project("{2150E333-8FDC-42A3-9474-1A3956D46DE8}") = "2. Plugins", "2. Plugins", "{29EE3C45-D196-4946-A87E-D9525E8B7E60}"
EndProject
Project("{2150E333-8FDC-42A3-9474-1A3956D46DE8}") = ".AnFake", ".AnFake", "{90391A8E-7301-479B-95CE-7E36754E0992}"
	ProjectSection(SolutionItems) = preProject
		.AnFake\anf-tf.cmd = .AnFake\anf-tf.cmd
		.AnFake\anf.cmd = .AnFake\anf.cmd
		.AnFake\Antlr4.Runtime.dll = .AnFake\Antlr4.Runtime.dll
		.AnFake\build.tmpl.csx = .AnFake\build.tmpl.csx
		.AnFake\build.tmpl.fsx = .AnFake\build.tmpl.fsx
	EndProjectSection
EndProject
Project("{2150E333-8FDC-42A3-9474-1A3956D46DE8}") = "Extras", "Extras", "{CBAFFC16-B785-46E1-8C90-1CAD1115D3D3}"
	ProjectSection(SolutionItems) = preProject
		.AnFake\Extras\nuget.fsx = .AnFake\Extras\nuget.fsx
		.AnFake\Extras\tf-conv-flat.fsx = .AnFake\Extras\tf-conv-flat.fsx
		.AnFake\Extras\tf-conv-tree.fsx = .AnFake\Extras\tf-conv-tree.fsx
		.AnFake\Extras\tf.fsx = .AnFake\Extras\tf.fsx
		.AnFake\Extras\vs-setup.fsx = .AnFake\Extras\vs-setup.fsx
	EndProjectSection
EndProject
Project("{FAE04EC0-301F-11D3-BF4B-00C04F79EFBC}") = "AnFake.Plugins.HtmlSummary", "AnFake.Plugins.HtmlSummary\AnFake.Plugins.HtmlSummary.csproj", "{CAB7DBD6-C7AD-4A6E-9676-E873767E9880}"
EndProject
Project("{FAE04EC0-301F-11D3-BF4B-00C04F79EFBC}") = "AnFake.Plugins.StringTemplate", "AnFake.Plugins.StringTemplate\AnFake.Plugins.StringTemplate.csproj", "{7F7B7F43-BB9A-4BAF-9107-682C7D217CC1}"
EndProject
Project("{FAE04EC0-301F-11D3-BF4B-00C04F79EFBC}") = "AnFake.Plugins.StringTemplate.Test", "AnFake.Plugins.StringTemplate.Test\AnFake.Plugins.StringTemplate.Test.csproj", "{AE3C99AE-AF7D-40B2-A356-C73E0C68311B}"
EndProject
Project("{2150E333-8FDC-42A3-9474-1A3956D46DE8}") = "Samples", "Samples", "{DDA9C5B6-89AF-48E7-986E-1B2D69FD1DA5}"
	ProjectSection(SolutionItems) = preProject
		Samples\basic.fsx = Samples\basic.fsx
		Samples\nhibernate.fsx = Samples\nhibernate.fsx
		Samples\perf-test.fsx = Samples\perf-test.fsx
		Samples\releasenotes.stg = Samples\releasenotes.stg
		Samples\report.json = Samples\report.json
		Samples\tfs-releasenotes.fsx = Samples\tfs-releasenotes.fsx
	EndProjectSection
EndProject
Project("{FAE04EC0-301F-11D3-BF4B-00C04F79EFBC}") = "AnFake.Api.Pipeline", "AnFake.Api.Pipeline\AnFake.Api.Pipeline.csproj", "{43F036F4-04F0-49BD-A391-E2F693E9BE81}"
EndProject
Project("{FAE04EC0-301F-11D3-BF4B-00C04F79EFBC}") = "AnFake.Api.Pipeline.Test", "AnFake.Api.Pipeline.Test\AnFake.Api.Pipeline.Test.csproj", "{A3B46B42-5D1F-4FCE-9AAE-C62BED52544A}"
EndProject
Project("{FAE04EC0-301F-11D3-BF4B-00C04F79EFBC}") = "AnFake.Plugins.NHibernate", "AnFake.Plugins.NHibernate\AnFake.Plugins.NHibernate.csproj", "{0EB04FA6-2392-4945-AEA1-35A803806E24}"
EndProject
Project("{FAE04EC0-301F-11D3-BF4B-00C04F79EFBC}") = "AnFake.Plugins.NHibernate.Test", "AnFake.Plugins.NHibernate.Test\AnFake.Plugins.NHibernate.Test.csproj", "{965CFD7F-F118-4486-A62A-D1DC7C1FE912}"
EndProject
Project("{2150E333-8FDC-42A3-9474-1A3956D46DE8}") = "tools", "tools", "{83D7878C-0DC2-4C6C-9375-BDCB08D50EEB}"
	ProjectSection(SolutionItems) = preProject
		tools\Init.ps1 = tools\Init.ps1
	EndProjectSection
EndProject
Project("{2150E333-8FDC-42A3-9474-1A3956D46DE8}") = ".nuget", ".nuget", "{F6819D50-D32E-425D-93DE-86A7148F9F52}"
	ProjectSection(SolutionItems) = preProject
		.nuget\packages.config = .nuget\packages.config
	EndProjectSection
EndProject
Project("{FAE04EC0-301F-11D3-BF4B-00C04F79EFBC}") = "AnFake.Integration.Vs2012", "AnFake.Integration.Vs2012\AnFake.Integration.Vs2012.csproj", "{9767DF8D-952A-42D2-AE8D-B4728A901020}"
EndProject
Project("{FAE04EC0-301F-11D3-BF4B-00C04F79EFBC}") = "AnFake.Installer", "AnFake.Installer\AnFake.Installer.csproj", "{64F6CFD2-5215-4103-8425-74C1B93C2DFC}"
EndProject
Project("{FAE04EC0-301F-11D3-BF4B-00C04F79EFBC}") = "AnFake.Plugins.TeamCity", "AnFake.Plugins.TeamCity\AnFake.Plugins.TeamCity.csproj", "{79D5C17C-2DF3-4A6F-93CC-F73C325261E2}"
EndProject
Project("{FAE04EC0-301F-11D3-BF4B-00C04F79EFBC}") = "AnFake.Integration.TfWorkspacer", "AnFake.Integration.TfWorkspacer\AnFake.Integration.TfWorkspacer.csproj", "{3AB4F985-648F-4CB7-A9B1-BB030DA47B46}"
EndProject
Project("{FAE04EC0-301F-11D3-BF4B-00C04F79EFBC}") = "AnFake.Logging", "AnFake.Logging\AnFake.Logging.csproj", "{2E8E5292-FC72-4E4D-BB75-29D76C3B0BEC}"
EndProject
Project("{FAE04EC0-301F-11D3-BF4B-00C04F79EFBC}") = "AnFake.Plugins.TeamCity.Test", "AnFake.Plugins.TeamCity.Test\AnFake.Plugins.TeamCity.Test.csproj", "{75B2E0B9-F87C-4B6C-86A4-8AD3D243EBD4}"
EndProject
Global
	GlobalSection(SolutionConfigurationPlatforms) = preSolution
		Debug|Any CPU = Debug|Any CPU
		Install|Any CPU = Install|Any CPU
		Release|Any CPU = Release|Any CPU
	EndGlobalSection
	GlobalSection(ProjectConfigurationPlatforms) = postSolution
		{3246D767-56B5-4C58-BDEE-C32A60C5EEB9}.Debug|Any CPU.ActiveCfg = Debug|Any CPU
		{3246D767-56B5-4C58-BDEE-C32A60C5EEB9}.Debug|Any CPU.Build.0 = Debug|Any CPU
		{3246D767-56B5-4C58-BDEE-C32A60C5EEB9}.Install|Any CPU.ActiveCfg = Release|Any CPU
		{3246D767-56B5-4C58-BDEE-C32A60C5EEB9}.Release|Any CPU.ActiveCfg = Release|Any CPU
		{3246D767-56B5-4C58-BDEE-C32A60C5EEB9}.Release|Any CPU.Build.0 = Release|Any CPU
		{86C27076-A445-433B-BB89-E265EF9A74D8}.Debug|Any CPU.ActiveCfg = Debug|Any CPU
		{86C27076-A445-433B-BB89-E265EF9A74D8}.Debug|Any CPU.Build.0 = Debug|Any CPU
		{86C27076-A445-433B-BB89-E265EF9A74D8}.Install|Any CPU.ActiveCfg = Release|Any CPU
		{86C27076-A445-433B-BB89-E265EF9A74D8}.Release|Any CPU.ActiveCfg = Release|Any CPU
		{86C27076-A445-433B-BB89-E265EF9A74D8}.Release|Any CPU.Build.0 = Release|Any CPU
		{E08FA8A9-33D4-4F27-B29E-C9388A291C45}.Debug|Any CPU.ActiveCfg = Debug|Any CPU
		{E08FA8A9-33D4-4F27-B29E-C9388A291C45}.Debug|Any CPU.Build.0 = Debug|Any CPU
		{E08FA8A9-33D4-4F27-B29E-C9388A291C45}.Install|Any CPU.ActiveCfg = Release|Any CPU
		{E08FA8A9-33D4-4F27-B29E-C9388A291C45}.Release|Any CPU.ActiveCfg = Release|Any CPU
		{E08FA8A9-33D4-4F27-B29E-C9388A291C45}.Release|Any CPU.Build.0 = Release|Any CPU
		{51D44493-A302-4688-937C-50E2669A61F2}.Debug|Any CPU.ActiveCfg = Debug|Any CPU
		{51D44493-A302-4688-937C-50E2669A61F2}.Debug|Any CPU.Build.0 = Debug|Any CPU
		{51D44493-A302-4688-937C-50E2669A61F2}.Install|Any CPU.ActiveCfg = Release|Any CPU
		{51D44493-A302-4688-937C-50E2669A61F2}.Release|Any CPU.ActiveCfg = Release|Any CPU
		{51D44493-A302-4688-937C-50E2669A61F2}.Release|Any CPU.Build.0 = Release|Any CPU
		{95B74F80-A2EA-4F58-A0F8-F0AE413ADB9F}.Debug|Any CPU.ActiveCfg = Debug|Any CPU
		{95B74F80-A2EA-4F58-A0F8-F0AE413ADB9F}.Debug|Any CPU.Build.0 = Debug|Any CPU
		{95B74F80-A2EA-4F58-A0F8-F0AE413ADB9F}.Install|Any CPU.ActiveCfg = Release|Any CPU
		{95B74F80-A2EA-4F58-A0F8-F0AE413ADB9F}.Release|Any CPU.ActiveCfg = Release|Any CPU
		{95B74F80-A2EA-4F58-A0F8-F0AE413ADB9F}.Release|Any CPU.Build.0 = Release|Any CPU
		{420D4078-67C1-4D03-AE1C-6EE2BB4D7D62}.Debug|Any CPU.ActiveCfg = Debug|Any CPU
		{420D4078-67C1-4D03-AE1C-6EE2BB4D7D62}.Debug|Any CPU.Build.0 = Debug|Any CPU
		{420D4078-67C1-4D03-AE1C-6EE2BB4D7D62}.Install|Any CPU.ActiveCfg = Release|Any CPU
		{420D4078-67C1-4D03-AE1C-6EE2BB4D7D62}.Release|Any CPU.ActiveCfg = Release|Any CPU
		{420D4078-67C1-4D03-AE1C-6EE2BB4D7D62}.Release|Any CPU.Build.0 = Release|Any CPU
		{E90F8E77-1B63-4B7D-A2D9-4DDF272E05EA}.Debug|Any CPU.ActiveCfg = Debug|Any CPU
		{E90F8E77-1B63-4B7D-A2D9-4DDF272E05EA}.Debug|Any CPU.Build.0 = Debug|Any CPU
		{E90F8E77-1B63-4B7D-A2D9-4DDF272E05EA}.Install|Any CPU.ActiveCfg = Release|Any CPU
		{E90F8E77-1B63-4B7D-A2D9-4DDF272E05EA}.Release|Any CPU.ActiveCfg = Release|Any CPU
		{E90F8E77-1B63-4B7D-A2D9-4DDF272E05EA}.Release|Any CPU.Build.0 = Release|Any CPU
		{CBBE144C-4EB2-4641-BF8A-DB99FE6DEABA}.Debug|Any CPU.ActiveCfg = Debug|Any CPU
		{CBBE144C-4EB2-4641-BF8A-DB99FE6DEABA}.Debug|Any CPU.Build.0 = Debug|Any CPU
		{CBBE144C-4EB2-4641-BF8A-DB99FE6DEABA}.Install|Any CPU.ActiveCfg = Release|Any CPU
		{CBBE144C-4EB2-4641-BF8A-DB99FE6DEABA}.Release|Any CPU.ActiveCfg = Release|Any CPU
		{CBBE144C-4EB2-4641-BF8A-DB99FE6DEABA}.Release|Any CPU.Build.0 = Release|Any CPU
		{6AA209FF-E1B6-4BFD-9A56-6A9ADADA0565}.Debug|Any CPU.ActiveCfg = Debug|Any CPU
		{6AA209FF-E1B6-4BFD-9A56-6A9ADADA0565}.Debug|Any CPU.Build.0 = Debug|Any CPU
		{6AA209FF-E1B6-4BFD-9A56-6A9ADADA0565}.Install|Any CPU.ActiveCfg = Release|Any CPU
		{6AA209FF-E1B6-4BFD-9A56-6A9ADADA0565}.Release|Any CPU.ActiveCfg = Release|Any CPU
		{6AA209FF-E1B6-4BFD-9A56-6A9ADADA0565}.Release|Any CPU.Build.0 = Release|Any CPU
		{F01FCA16-6B92-4C23-8365-EDD614405267}.Debug|Any CPU.ActiveCfg = Debug|Any CPU
		{F01FCA16-6B92-4C23-8365-EDD614405267}.Debug|Any CPU.Build.0 = Debug|Any CPU
		{F01FCA16-6B92-4C23-8365-EDD614405267}.Install|Any CPU.ActiveCfg = Release|Any CPU
		{F01FCA16-6B92-4C23-8365-EDD614405267}.Release|Any CPU.ActiveCfg = Release|Any CPU
		{F01FCA16-6B92-4C23-8365-EDD614405267}.Release|Any CPU.Build.0 = Release|Any CPU
		{80E494A3-B60A-44A2-9DF9-859F4B5D9B7C}.Debug|Any CPU.ActiveCfg = Debug|Any CPU
		{80E494A3-B60A-44A2-9DF9-859F4B5D9B7C}.Debug|Any CPU.Build.0 = Debug|Any CPU
		{80E494A3-B60A-44A2-9DF9-859F4B5D9B7C}.Install|Any CPU.ActiveCfg = Release|Any CPU
		{80E494A3-B60A-44A2-9DF9-859F4B5D9B7C}.Release|Any CPU.ActiveCfg = Release|Any CPU
		{80E494A3-B60A-44A2-9DF9-859F4B5D9B7C}.Release|Any CPU.Build.0 = Release|Any CPU
		{04165D1B-FA7D-4841-BA24-1D5377BDF955}.Debug|Any CPU.ActiveCfg = Debug|Any CPU
		{04165D1B-FA7D-4841-BA24-1D5377BDF955}.Debug|Any CPU.Build.0 = Debug|Any CPU
		{04165D1B-FA7D-4841-BA24-1D5377BDF955}.Install|Any CPU.ActiveCfg = Release|Any CPU
		{04165D1B-FA7D-4841-BA24-1D5377BDF955}.Release|Any CPU.ActiveCfg = Release|Any CPU
		{04165D1B-FA7D-4841-BA24-1D5377BDF955}.Release|Any CPU.Build.0 = Release|Any CPU
		{CF2C4AB6-7FA0-4E49-A151-53BEE29B9BD0}.Debug|Any CPU.ActiveCfg = Debug|Any CPU
		{CF2C4AB6-7FA0-4E49-A151-53BEE29B9BD0}.Debug|Any CPU.Build.0 = Debug|Any CPU
		{CF2C4AB6-7FA0-4E49-A151-53BEE29B9BD0}.Install|Any CPU.ActiveCfg = Release|Any CPU
		{CF2C4AB6-7FA0-4E49-A151-53BEE29B9BD0}.Release|Any CPU.ActiveCfg = Release|Any CPU
		{CF2C4AB6-7FA0-4E49-A151-53BEE29B9BD0}.Release|Any CPU.Build.0 = Release|Any CPU
		{CAB7DBD6-C7AD-4A6E-9676-E873767E9880}.Debug|Any CPU.ActiveCfg = Debug|Any CPU
		{CAB7DBD6-C7AD-4A6E-9676-E873767E9880}.Debug|Any CPU.Build.0 = Debug|Any CPU
		{CAB7DBD6-C7AD-4A6E-9676-E873767E9880}.Install|Any CPU.ActiveCfg = Release|Any CPU
		{CAB7DBD6-C7AD-4A6E-9676-E873767E9880}.Release|Any CPU.ActiveCfg = Release|Any CPU
		{CAB7DBD6-C7AD-4A6E-9676-E873767E9880}.Release|Any CPU.Build.0 = Release|Any CPU
		{7F7B7F43-BB9A-4BAF-9107-682C7D217CC1}.Debug|Any CPU.ActiveCfg = Debug|Any CPU
		{7F7B7F43-BB9A-4BAF-9107-682C7D217CC1}.Debug|Any CPU.Build.0 = Debug|Any CPU
		{7F7B7F43-BB9A-4BAF-9107-682C7D217CC1}.Install|Any CPU.ActiveCfg = Release|Any CPU
		{7F7B7F43-BB9A-4BAF-9107-682C7D217CC1}.Release|Any CPU.ActiveCfg = Release|Any CPU
		{7F7B7F43-BB9A-4BAF-9107-682C7D217CC1}.Release|Any CPU.Build.0 = Release|Any CPU
		{AE3C99AE-AF7D-40B2-A356-C73E0C68311B}.Debug|Any CPU.ActiveCfg = Debug|Any CPU
		{AE3C99AE-AF7D-40B2-A356-C73E0C68311B}.Debug|Any CPU.Build.0 = Debug|Any CPU
		{AE3C99AE-AF7D-40B2-A356-C73E0C68311B}.Install|Any CPU.ActiveCfg = Release|Any CPU
		{AE3C99AE-AF7D-40B2-A356-C73E0C68311B}.Release|Any CPU.ActiveCfg = Release|Any CPU
		{AE3C99AE-AF7D-40B2-A356-C73E0C68311B}.Release|Any CPU.Build.0 = Release|Any CPU
		{43F036F4-04F0-49BD-A391-E2F693E9BE81}.Debug|Any CPU.ActiveCfg = Debug|Any CPU
		{43F036F4-04F0-49BD-A391-E2F693E9BE81}.Debug|Any CPU.Build.0 = Debug|Any CPU
		{43F036F4-04F0-49BD-A391-E2F693E9BE81}.Install|Any CPU.ActiveCfg = Release|Any CPU
		{43F036F4-04F0-49BD-A391-E2F693E9BE81}.Release|Any CPU.ActiveCfg = Release|Any CPU
		{43F036F4-04F0-49BD-A391-E2F693E9BE81}.Release|Any CPU.Build.0 = Release|Any CPU
		{A3B46B42-5D1F-4FCE-9AAE-C62BED52544A}.Debug|Any CPU.ActiveCfg = Debug|Any CPU
		{A3B46B42-5D1F-4FCE-9AAE-C62BED52544A}.Debug|Any CPU.Build.0 = Debug|Any CPU
		{A3B46B42-5D1F-4FCE-9AAE-C62BED52544A}.Install|Any CPU.ActiveCfg = Release|Any CPU
		{A3B46B42-5D1F-4FCE-9AAE-C62BED52544A}.Release|Any CPU.ActiveCfg = Release|Any CPU
		{A3B46B42-5D1F-4FCE-9AAE-C62BED52544A}.Release|Any CPU.Build.0 = Release|Any CPU
		{0EB04FA6-2392-4945-AEA1-35A803806E24}.Debug|Any CPU.ActiveCfg = Debug|Any CPU
		{0EB04FA6-2392-4945-AEA1-35A803806E24}.Debug|Any CPU.Build.0 = Debug|Any CPU
		{0EB04FA6-2392-4945-AEA1-35A803806E24}.Install|Any CPU.ActiveCfg = Release|Any CPU
		{0EB04FA6-2392-4945-AEA1-35A803806E24}.Release|Any CPU.ActiveCfg = Release|Any CPU
		{0EB04FA6-2392-4945-AEA1-35A803806E24}.Release|Any CPU.Build.0 = Release|Any CPU
		{965CFD7F-F118-4486-A62A-D1DC7C1FE912}.Debug|Any CPU.ActiveCfg = Debug|Any CPU
		{965CFD7F-F118-4486-A62A-D1DC7C1FE912}.Debug|Any CPU.Build.0 = Debug|Any CPU
		{965CFD7F-F118-4486-A62A-D1DC7C1FE912}.Install|Any CPU.ActiveCfg = Release|Any CPU
		{965CFD7F-F118-4486-A62A-D1DC7C1FE912}.Release|Any CPU.ActiveCfg = Release|Any CPU
		{965CFD7F-F118-4486-A62A-D1DC7C1FE912}.Release|Any CPU.Build.0 = Release|Any CPU
		{9767DF8D-952A-42D2-AE8D-B4728A901020}.Debug|Any CPU.ActiveCfg = Debug|Any CPU
		{9767DF8D-952A-42D2-AE8D-B4728A901020}.Debug|Any CPU.Build.0 = Debug|Any CPU
		{9767DF8D-952A-42D2-AE8D-B4728A901020}.Install|Any CPU.ActiveCfg = Release|Any CPU
		{9767DF8D-952A-42D2-AE8D-B4728A901020}.Release|Any CPU.ActiveCfg = Release|Any CPU
		{9767DF8D-952A-42D2-AE8D-B4728A901020}.Release|Any CPU.Build.0 = Release|Any CPU
		{64F6CFD2-5215-4103-8425-74C1B93C2DFC}.Debug|Any CPU.ActiveCfg = Debug|Any CPU
		{64F6CFD2-5215-4103-8425-74C1B93C2DFC}.Install|Any CPU.ActiveCfg = Release|Any CPU
		{64F6CFD2-5215-4103-8425-74C1B93C2DFC}.Install|Any CPU.Build.0 = Release|Any CPU
		{64F6CFD2-5215-4103-8425-74C1B93C2DFC}.Release|Any CPU.ActiveCfg = Release|Any CPU
		{79D5C17C-2DF3-4A6F-93CC-F73C325261E2}.Debug|Any CPU.ActiveCfg = Debug|Any CPU
		{79D5C17C-2DF3-4A6F-93CC-F73C325261E2}.Debug|Any CPU.Build.0 = Debug|Any CPU
		{79D5C17C-2DF3-4A6F-93CC-F73C325261E2}.Install|Any CPU.ActiveCfg = Release|Any CPU
		{79D5C17C-2DF3-4A6F-93CC-F73C325261E2}.Install|Any CPU.Build.0 = Release|Any CPU
		{79D5C17C-2DF3-4A6F-93CC-F73C325261E2}.Release|Any CPU.ActiveCfg = Release|Any CPU
		{79D5C17C-2DF3-4A6F-93CC-F73C325261E2}.Release|Any CPU.Build.0 = Release|Any CPU
		{3AB4F985-648F-4CB7-A9B1-BB030DA47B46}.Debug|Any CPU.ActiveCfg = Debug|Any CPU
		{3AB4F985-648F-4CB7-A9B1-BB030DA47B46}.Debug|Any CPU.Build.0 = Debug|Any CPU
		{3AB4F985-648F-4CB7-A9B1-BB030DA47B46}.Install|Any CPU.ActiveCfg = Release|Any CPU
		{3AB4F985-648F-4CB7-A9B1-BB030DA47B46}.Install|Any CPU.Build.0 = Release|Any CPU
		{3AB4F985-648F-4CB7-A9B1-BB030DA47B46}.Release|Any CPU.ActiveCfg = Release|Any CPU
		{3AB4F985-648F-4CB7-A9B1-BB030DA47B46}.Release|Any CPU.Build.0 = Release|Any CPU
		{2E8E5292-FC72-4E4D-BB75-29D76C3B0BEC}.Debug|Any CPU.ActiveCfg = Debug|Any CPU
		{2E8E5292-FC72-4E4D-BB75-29D76C3B0BEC}.Debug|Any CPU.Build.0 = Debug|Any CPU
		{2E8E5292-FC72-4E4D-BB75-29D76C3B0BEC}.Install|Any CPU.ActiveCfg = Release|Any CPU
		{2E8E5292-FC72-4E4D-BB75-29D76C3B0BEC}.Install|Any CPU.Build.0 = Release|Any CPU
		{2E8E5292-FC72-4E4D-BB75-29D76C3B0BEC}.Release|Any CPU.ActiveCfg = Release|Any CPU
		{2E8E5292-FC72-4E4D-BB75-29D76C3B0BEC}.Release|Any CPU.Build.0 = Release|Any CPU
		{75B2E0B9-F87C-4B6C-86A4-8AD3D243EBD4}.Debug|Any CPU.ActiveCfg = Debug|Any CPU
		{75B2E0B9-F87C-4B6C-86A4-8AD3D243EBD4}.Debug|Any CPU.Build.0 = Debug|Any CPU
		{75B2E0B9-F87C-4B6C-86A4-8AD3D243EBD4}.Install|Any CPU.ActiveCfg = Release|Any CPU
		{75B2E0B9-F87C-4B6C-86A4-8AD3D243EBD4}.Install|Any CPU.Build.0 = Release|Any CPU
		{75B2E0B9-F87C-4B6C-86A4-8AD3D243EBD4}.Release|Any CPU.ActiveCfg = Release|Any CPU
		{75B2E0B9-F87C-4B6C-86A4-8AD3D243EBD4}.Release|Any CPU.Build.0 = Release|Any CPU
	EndGlobalSection
	GlobalSection(SolutionProperties) = preSolution
		HideSolutionNode = FALSE
	EndGlobalSection
	GlobalSection(NestedProjects) = preSolution
		{3246D767-56B5-4C58-BDEE-C32A60C5EEB9} = {E31DE28C-674E-41AF-8A75-A3252C044AAE}
		{86C27076-A445-433B-BB89-E265EF9A74D8} = {CFD32F43-BF31-42F9-9BDF-7B3E781F0E2A}
		{E08FA8A9-33D4-4F27-B29E-C9388A291C45} = {CFD32F43-BF31-42F9-9BDF-7B3E781F0E2A}
		{51D44493-A302-4688-937C-50E2669A61F2} = {CFD32F43-BF31-42F9-9BDF-7B3E781F0E2A}
		{95B74F80-A2EA-4F58-A0F8-F0AE413ADB9F} = {CFD32F43-BF31-42F9-9BDF-7B3E781F0E2A}
		{420D4078-67C1-4D03-AE1C-6EE2BB4D7D62} = {CFD32F43-BF31-42F9-9BDF-7B3E781F0E2A}
		{E90F8E77-1B63-4B7D-A2D9-4DDF272E05EA} = {CFD32F43-BF31-42F9-9BDF-7B3E781F0E2A}
		{CBBE144C-4EB2-4641-BF8A-DB99FE6DEABA} = {CFD32F43-BF31-42F9-9BDF-7B3E781F0E2A}
		{6AA209FF-E1B6-4BFD-9A56-6A9ADADA0565} = {CFD32F43-BF31-42F9-9BDF-7B3E781F0E2A}
		{F01FCA16-6B92-4C23-8365-EDD614405267} = {29EE3C45-D196-4946-A87E-D9525E8B7E60}
		{80E494A3-B60A-44A2-9DF9-859F4B5D9B7C} = {29EE3C45-D196-4946-A87E-D9525E8B7E60}
		{04165D1B-FA7D-4841-BA24-1D5377BDF955} = {29EE3C45-D196-4946-A87E-D9525E8B7E60}
		{CF2C4AB6-7FA0-4E49-A151-53BEE29B9BD0} = {29EE3C45-D196-4946-A87E-D9525E8B7E60}
		{CBAFFC16-B785-46E1-8C90-1CAD1115D3D3} = {90391A8E-7301-479B-95CE-7E36754E0992}
		{CAB7DBD6-C7AD-4A6E-9676-E873767E9880} = {29EE3C45-D196-4946-A87E-D9525E8B7E60}
		{7F7B7F43-BB9A-4BAF-9107-682C7D217CC1} = {29EE3C45-D196-4946-A87E-D9525E8B7E60}
		{AE3C99AE-AF7D-40B2-A356-C73E0C68311B} = {29EE3C45-D196-4946-A87E-D9525E8B7E60}
		{43F036F4-04F0-49BD-A391-E2F693E9BE81} = {CFD32F43-BF31-42F9-9BDF-7B3E781F0E2A}
		{A3B46B42-5D1F-4FCE-9AAE-C62BED52544A} = {CFD32F43-BF31-42F9-9BDF-7B3E781F0E2A}
		{0EB04FA6-2392-4945-AEA1-35A803806E24} = {29EE3C45-D196-4946-A87E-D9525E8B7E60}
		{965CFD7F-F118-4486-A62A-D1DC7C1FE912} = {29EE3C45-D196-4946-A87E-D9525E8B7E60}
		{9767DF8D-952A-42D2-AE8D-B4728A901020} = {29EE3C45-D196-4946-A87E-D9525E8B7E60}
		{64F6CFD2-5215-4103-8425-74C1B93C2DFC} = {E31DE28C-674E-41AF-8A75-A3252C044AAE}
		{79D5C17C-2DF3-4A6F-93CC-F73C325261E2} = {29EE3C45-D196-4946-A87E-D9525E8B7E60}
		{3AB4F985-648F-4CB7-A9B1-BB030DA47B46} = {E31DE28C-674E-41AF-8A75-A3252C044AAE}
		{2E8E5292-FC72-4E4D-BB75-29D76C3B0BEC} = {CFD32F43-BF31-42F9-9BDF-7B3E781F0E2A}
		{75B2E0B9-F87C-4B6C-86A4-8AD3D243EBD4} = {29EE3C45-D196-4946-A87E-D9525E8B7E60}
	EndGlobalSection
EndGlobal
