
Microsoft Visual Studio Solution File, Format Version 12.00
# Visual Studio 2012
Project("{FAE04EC0-301F-11D3-BF4B-00C04F79EFBC}") = "AnFake.Integration.Tfs2012.Template", "AnFake.Integration.Tfs2012.Template\AnFake.Integration.Tfs2012.Template.csproj", "{C9B2817F-AFB5-4276-A1B3-FA0DDE7FE92F}"
EndProject
Global
	GlobalSection(SolutionConfigurationPlatforms) = preSolution
		Debug|Any CPU = Debug|Any CPU
		Release|Any CPU = Release|Any CPU
	EndGlobalSection
	GlobalSection(ProjectConfigurationPlatforms) = postSolution
		{C9B2817F-AFB5-4276-A1B3-FA0DDE7FE92F}.Debug|Any CPU.ActiveCfg = Debug|Any CPU
		{C9B2817F-AFB5-4276-A1B3-FA0DDE7FE92F}.Debug|Any CPU.Build.0 = Debug|Any CPU
		{C9B2817F-AFB5-4276-A1B3-FA0DDE7FE92F}.Release|Any CPU.ActiveCfg = Release|Any CPU
		{C9B2817F-AFB5-4276-A1B3-FA0DDE7FE92F}.Release|Any CPU.Build.0 = Release|Any CPU
	EndGlobalSection
	GlobalSection(SolutionProperties) = preSolution
		HideSolutionNode = FALSE
	EndGlobalSection
EndGlobal
